Microsoft Visual Studio Solution File, Format Version 12.00
# Visual Studio Version 17
VisualStudioVersion = 17.5.2.0
MinimumVisualStudioVersion = 10.0.40219.1
Project("{FAE04EC0-301F-11D3-BF4B-00C04F79EFBC}") = "TrackifyApis", "TrackifyApis.csproj", "{339BC380-F593-7F47-CB99-2C73AA8FC4FE}"
EndProject
Global
	GlobalSection(SolutionConfigurationPlatforms) = preSolution
		Debug|Any CPU = Debug|Any CPU
		Release|Any CPU = Release|Any CPU
	EndGlobalSection
	GlobalSection(ProjectConfigurationPlatforms) = postSolution
		{339BC380-F593-7F47-CB99-2C73AA8FC4FE}.Debug|Any CPU.ActiveCfg = Debug|Any CPU
		{339BC380-F593-7F47-CB99-2C73AA8FC4FE}.Debug|Any CPU.Build.0 = Debug|Any CPU
		{339BC380-F593-7F47-CB99-2C73AA8FC4FE}.Release|Any CPU.ActiveCfg = Release|Any CPU
		{339BC380-F593-7F47-CB99-2C73AA8FC4FE}.Release|Any CPU.Build.0 = Release|Any CPU
	EndGlobalSection
	GlobalSection(SolutionProperties) = preSolution
		HideSolutionNode = FALSE
	EndGlobalSection
	GlobalSection(ExtensibilityGlobals) = postSolution
		SolutionGuid = {ABF9907B-34FF-419B-8B9B-A61B46837E1F}
	EndGlobalSection
EndGlobal
